// !$*UTF8*$!
{
	archiveVersion = 1;
	classes = {
	};
	objectVersion = 46;
	objects = {

/* Begin PBXBuildFile section */
		0348731B1E7F7AF500CF1943 /* WJBarChartViewController.m in Sources */ = {isa = PBXBuildFile; fileRef = 034873191E7F7AF500CF1943 /* WJBarChartViewController.m */; };
		0348731C1E7F7AF500CF1943 /* WJBarChartViewController.xib in Resources */ = {isa = PBXBuildFile; fileRef = 0348731A1E7F7AF500CF1943 /* WJBarChartViewController.xib */; };
		034873201E7F7B1100CF1943 /* WJLineChartViewController.m in Sources */ = {isa = PBXBuildFile; fileRef = 0348731E1E7F7B1100CF1943 /* WJLineChartViewController.m */; };
		034873211E7F7B1100CF1943 /* WJLineChartViewController.xib in Resources */ = {isa = PBXBuildFile; fileRef = 0348731F1E7F7B1100CF1943 /* WJLineChartViewController.xib */; };
		034873251E7F7B2900CF1943 /* WJPieChartViewController.m in Sources */ = {isa = PBXBuildFile; fileRef = 034873231E7F7B2900CF1943 /* WJPieChartViewController.m */; };
		034873261E7F7B2900CF1943 /* WJPieChartViewController.xib in Resources */ = {isa = PBXBuildFile; fileRef = 034873241E7F7B2900CF1943 /* WJPieChartViewController.xib */; };
		6C25DC910574B40C6796A6B2 /* libPods-CorePlotExample.a in Frameworks */ = {isa = PBXBuildFile; fileRef = 4779CA1774BA9CDFF44E9E62 /* libPods-CorePlotExample.a */; };
		96102B501D31405300FD7C0C /* main.m in Sources */ = {isa = PBXBuildFile; fileRef = 96102B4F1D31405300FD7C0C /* main.m */; };
		96102B531D31405300FD7C0C /* AppDelegate.m in Sources */ = {isa = PBXBuildFile; fileRef = 96102B521D31405300FD7C0C /* AppDelegate.m */; };
		96102B561D31405300FD7C0C /* WJHomeViewController.m in Sources */ = {isa = PBXBuildFile; fileRef = 96102B551D31405300FD7C0C /* WJHomeViewController.m */; };
		96102B591D31405300FD7C0C /* Main.storyboard in Resources */ = {isa = PBXBuildFile; fileRef = 96102B571D31405300FD7C0C /* Main.storyboard */; };
		96102B5B1D31405300FD7C0C /* Assets.xcassets in Resources */ = {isa = PBXBuildFile; fileRef = 96102B5A1D31405300FD7C0C /* Assets.xcassets */; };
		96102B5E1D31405300FD7C0C /* LaunchScreen.storyboard in Resources */ = {isa = PBXBuildFile; fileRef = 96102B5C1D31405300FD7C0C /* LaunchScreen.storyboard */; };
/* End PBXBuildFile section */

/* Begin PBXFileReference section */
		034873181E7F7AF500CF1943 /* WJBarChartViewController.h */ = {isa = PBXFileReference; fileEncoding = 4; lastKnownFileType = sourcecode.c.h; path = WJBarChartViewController.h; sourceTree = "<group>"; };
		034873191E7F7AF500CF1943 /* WJBarChartViewController.m */ = {isa = PBXFileReference; fileEncoding = 4; lastKnownFileType = sourcecode.c.objc; path = WJBarChartViewController.m; sourceTree = "<group>"; };
		0348731A1E7F7AF500CF1943 /* WJBarChartViewController.xib */ = {isa = PBXFileReference; fileEncoding = 4; lastKnownFileType = file.xib; path = WJBarChartViewController.xib; sourceTree = "<group>"; };
		0348731D1E7F7B1100CF1943 /* WJLineChartViewController.h */ = {isa = PBXFileReference; fileEncoding = 4; lastKnownFileType = sourcecode.c.h; path = WJLineChartViewController.h; sourceTree = "<group>"; };
		0348731E1E7F7B1100CF1943 /* WJLineChartViewController.m */ = {isa = PBXFileReference; fileEncoding = 4; lastKnownFileType = sourcecode.c.objc; path = WJLineChartViewController.m; sourceTree = "<group>"; };
		0348731F1E7F7B1100CF1943 /* WJLineChartViewController.xib */ = {isa = PBXFileReference; fileEncoding = 4; lastKnownFileType = file.xib; path = WJLineChartViewController.xib; sourceTree = "<group>"; };
		034873221E7F7B2900CF1943 /* WJPieChartViewController.h */ = {isa = PBXFileReference; fileEncoding = 4; lastKnownFileType = sourcecode.c.h; path = WJPieChartViewController.h; sourceTree = "<group>"; };
		034873231E7F7B2900CF1943 /* WJPieChartViewController.m */ = {isa = PBXFileReference; fileEncoding = 4; lastKnownFileType = sourcecode.c.objc; path = WJPieChartViewController.m; sourceTree = "<group>"; };
		034873241E7F7B2900CF1943 /* WJPieChartViewController.xib */ = {isa = PBXFileReference; fileEncoding = 4; lastKnownFileType = file.xib; path = WJPieChartViewController.xib; sourceTree = "<group>"; };
		4779CA1774BA9CDFF44E9E62 /* libPods-CorePlotExample.a */ = {isa = PBXFileReference; explicitFileType = archive.ar; includeInIndex = 0; path = "libPods-CorePlotExample.a"; sourceTree = BUILT_PRODUCTS_DIR; };
		4B5C3FDAD0B3C9B6EE615402 /* Pods-CorePlotExample.debug.xcconfig */ = {isa = PBXFileReference; includeInIndex = 1; lastKnownFileType = text.xcconfig; name = "Pods-CorePlotExample.debug.xcconfig"; path = "Pods/Target Support Files/Pods-CorePlotExample/Pods-CorePlotExample.debug.xcconfig"; sourceTree = "<group>"; };
		96102B4B1D31405300FD7C0C /* CorePlotExample.app */ = {isa = PBXFileReference; explicitFileType = wrapper.application; includeInIndex = 0; path = CorePlotExample.app; sourceTree = BUILT_PRODUCTS_DIR; };
		96102B4F1D31405300FD7C0C /* main.m */ = {isa = PBXFileReference; lastKnownFileType = sourcecode.c.objc; path = main.m; sourceTree = "<group>"; };
		96102B511D31405300FD7C0C /* AppDelegate.h */ = {isa = PBXFileReference; lastKnownFileType = sourcecode.c.h; path = AppDelegate.h; sourceTree = "<group>"; };
		96102B521D31405300FD7C0C /* AppDelegate.m */ = {isa = PBXFileReference; lastKnownFileType = sourcecode.c.objc; path = AppDelegate.m; sourceTree = "<group>"; };
		96102B541D31405300FD7C0C /* WJHomeViewController.h */ = {isa = PBXFileReference; lastKnownFileType = sourcecode.c.h; path = WJHomeViewController.h; sourceTree = "<group>"; };
		96102B551D31405300FD7C0C /* WJHomeViewController.m */ = {isa = PBXFileReference; lastKnownFileType = sourcecode.c.objc; path = WJHomeViewController.m; sourceTree = "<group>"; };
		96102B581D31405300FD7C0C /* Base */ = {isa = PBXFileReference; lastKnownFileType = file.storyboard; name = Base; path = Base.lproj/Main.storyboard; sourceTree = "<group>"; };
		96102B5A1D31405300FD7C0C /* Assets.xcassets */ = {isa = PBXFileReference; lastKnownFileType = folder.assetcatalog; path = Assets.xcassets; sourceTree = "<group>"; };
		96102B5D1D31405300FD7C0C /* Base */ = {isa = PBXFileReference; lastKnownFileType = file.storyboard; name = Base; path = Base.lproj/LaunchScreen.storyboard; sourceTree = "<group>"; };
		96102B5F1D31405300FD7C0C /* Info.plist */ = {isa = PBXFileReference; lastKnownFileType = text.plist.xml; path = Info.plist; sourceTree = "<group>"; };
		AD71CE6E3F90B6A1BC84BD7F /* Pods-CorePlotExample.release.xcconfig */ = {isa = PBXFileReference; includeInIndex = 1; lastKnownFileType = text.xcconfig; name = "Pods-CorePlotExample.release.xcconfig"; path = "Pods/Target Support Files/Pods-CorePlotExample/Pods-CorePlotExample.release.xcconfig"; sourceTree = "<group>"; };
/* End PBXFileReference section */

/* Begin PBXFrameworksBuildPhase section */
		96102B481D31405300FD7C0C /* Frameworks */ = {
			isa = PBXFrameworksBuildPhase;
			buildActionMask = 2147483647;
			files = (
				6C25DC910574B40C6796A6B2 /* libPods-CorePlotExample.a in Frameworks */,
			);
			runOnlyForDeploymentPostprocessing = 0;
		};
/* End PBXFrameworksBuildPhase section */

/* Begin PBXGroup section */
		034873171E7F7A7500CF1943 /* ViewController */ = {
			isa = PBXGroup;
			children = (
				96102B541D31405300FD7C0C /* WJHomeViewController.h */,
				96102B551D31405300FD7C0C /* WJHomeViewController.m */,
				034873181E7F7AF500CF1943 /* WJBarChartViewController.h */,
				034873191E7F7AF500CF1943 /* WJBarChartViewController.m */,
				0348731A1E7F7AF500CF1943 /* WJBarChartViewController.xib */,
				0348731D1E7F7B1100CF1943 /* WJLineChartViewController.h */,
				0348731E1E7F7B1100CF1943 /* WJLineChartViewController.m */,
				0348731F1E7F7B1100CF1943 /* WJLineChartViewController.xib */,
				034873221E7F7B2900CF1943 /* WJPieChartViewController.h */,
				034873231E7F7B2900CF1943 /* WJPieChartViewController.m */,
				034873241E7F7B2900CF1943 /* WJPieChartViewController.xib */,
			);
			name = ViewController;
			sourceTree = "<group>";
		};
		96102B421D31405300FD7C0C = {
			isa = PBXGroup;
			children = (
				96102B4D1D31405300FD7C0C /* CorePlotExample */,
				96102B4C1D31405300FD7C0C /* Products */,
				9802A2AECE82C1EABB809B14 /* Pods */,
				B87C58154340918688195607 /* Frameworks */,
			);
			sourceTree = "<group>";
		};
		96102B4C1D31405300FD7C0C /* Products */ = {
			isa = PBXGroup;
			children = (
				96102B4B1D31405300FD7C0C /* CorePlotExample.app */,
			);
			name = Products;
			sourceTree = "<group>";
		};
		96102B4D1D31405300FD7C0C /* CorePlotExample */ = {
			isa = PBXGroup;
			children = (
				034873171E7F7A7500CF1943 /* ViewController */,
				96102B4E1D31405300FD7C0C /* Supporting Files */,
			);
			path = CorePlotExample;
			sourceTree = "<group>";
		};
		96102B4E1D31405300FD7C0C /* Supporting Files */ = {
			isa = PBXGroup;
			children = (
				96102B511D31405300FD7C0C /* AppDelegate.h */,
				96102B521D31405300FD7C0C /* AppDelegate.m */,
				96102B571D31405300FD7C0C /* Main.storyboard */,
				96102B5A1D31405300FD7C0C /* Assets.xcassets */,
				96102B5C1D31405300FD7C0C /* LaunchScreen.storyboard */,
				96102B5F1D31405300FD7C0C /* Info.plist */,
				96102B4F1D31405300FD7C0C /* main.m */,
			);
			name = "Supporting Files";
			sourceTree = "<group>";
		};
		9802A2AECE82C1EABB809B14 /* Pods */ = {
			isa = PBXGroup;
			children = (
				4B5C3FDAD0B3C9B6EE615402 /* Pods-CorePlotExample.debug.xcconfig */,
				AD71CE6E3F90B6A1BC84BD7F /* Pods-CorePlotExample.release.xcconfig */,
			);
			name = Pods;
			sourceTree = "<group>";
		};
		B87C58154340918688195607 /* Frameworks */ = {
			isa = PBXGroup;
			children = (
				4779CA1774BA9CDFF44E9E62 /* libPods-CorePlotExample.a */,
			);
			name = Frameworks;
			sourceTree = "<group>";
		};
/* End PBXGroup section */

/* Begin PBXNativeTarget section */
		96102B4A1D31405300FD7C0C /* CorePlotExample */ = {
			isa = PBXNativeTarget;
			buildConfigurationList = 96102B621D31405300FD7C0C /* Build configuration list for PBXNativeTarget "CorePlotExample" */;
			buildPhases = (
				7CCFF7CAE4BA1A83B4DE95EA /* [CP] Check Pods Manifest.lock */,
				96102B471D31405300FD7C0C /* Sources */,
				96102B481D31405300FD7C0C /* Frameworks */,
				96102B491D31405300FD7C0C /* Resources */,
				EA770AA25E48E08D48036E28 /* [CP] Embed Pods Frameworks */,
				12A97403B19121AED8A12023 /* [CP] Copy Pods Resources */,
			);
			buildRules = (
			);
			dependencies = (
			);
			name = CorePlotExample;
			productName = CorePlotExample;
			productReference = 96102B4B1D31405300FD7C0C /* CorePlotExample.app */;
			productType = "com.apple.product-type.application";
		};
/* End PBXNativeTarget section */

/* Begin PBXProject section */
		96102B431D31405300FD7C0C /* Project object */ = {
			isa = PBXProject;
			attributes = {
				CLASSPREFIX = WJ;
				LastUpgradeCheck = 0820;
				ORGANIZATIONNAME = WangJace;
				TargetAttributes = {
					96102B4A1D31405300FD7C0C = {
						CreatedOnToolsVersion = 7.3.1;
						DevelopmentTeam = Q7W8UR2RVW;
					};
				};
			};
			buildConfigurationList = 96102B461D31405300FD7C0C /* Build configuration list for PBXProject "CorePlotExample" */;
			compatibilityVersion = "Xcode 3.2";
			developmentRegion = English;
			hasScannedForEncodings = 0;
			knownRegions = (
				en,
				Base,
			);
			mainGroup = 96102B421D31405300FD7C0C;
			productRefGroup = 96102B4C1D31405300FD7C0C /* Products */;
			projectDirPath = "";
			projectRoot = "";
			targets = (
				96102B4A1D31405300FD7C0C /* CorePlotExample */,
			);
		};
/* End PBXProject section */

/* Begin PBXResourcesBuildPhase section */
		96102B491D31405300FD7C0C /* Resources */ = {
			isa = PBXResourcesBuildPhase;
			buildActionMask = 2147483647;
			files = (
				034873211E7F7B1100CF1943 /* WJLineChartViewController.xib in Resources */,
				0348731C1E7F7AF500CF1943 /* WJBarChartViewController.xib in Resources */,
				96102B5E1D31405300FD7C0C /* LaunchScreen.storyboard in Resources */,
				96102B5B1D31405300FD7C0C /* Assets.xcassets in Resources */,
				96102B591D31405300FD7C0C /* Main.storyboard in Resources */,
				034873261E7F7B2900CF1943 /* WJPieChartViewController.xib in Resources */,
			);
			runOnlyForDeploymentPostprocessing = 0;
		};
/* End PBXResourcesBuildPhase section */

/* Begin PBXShellScriptBuildPhase section */
		12A97403B19121AED8A12023 /* [CP] Copy Pods Resources */ = {
			isa = PBXShellScriptBuildPhase;
			buildActionMask = 2147483647;
			files = (
			);
			inputPaths = (
			);
			name = "[CP] Copy Pods Resources";
			outputPaths = (
			);
			runOnlyForDeploymentPostprocessing = 0;
			shellPath = /bin/sh;
			shellScript = "\"${SRCROOT}/Pods/Target Support Files/Pods-CorePlotExample/Pods-CorePlotExample-resources.sh\"\n";
			showEnvVarsInLog = 0;
		};
		7CCFF7CAE4BA1A83B4DE95EA /* [CP] Check Pods Manifest.lock */ = {
			isa = PBXShellScriptBuildPhase;
			buildActionMask = 2147483647;
			files = (
			);
			inputPaths = (
			);
			name = "[CP] Check Pods Manifest.lock";
			outputPaths = (
			);
			runOnlyForDeploymentPostprocessing = 0;
			shellPath = /bin/sh;
			shellScript = "diff \"${PODS_ROOT}/../Podfile.lock\" \"${PODS_ROOT}/Manifest.lock\" > /dev/null\nif [ $? != 0 ] ; then\n    # print error to STDERR\n    echo \"error: The sandbox is not in sync with the Podfile.lock. Run 'pod install' or update your CocoaPods installation.\" >&2\n    exit 1\nfi\n";
			showEnvVarsInLog = 0;
		};
		EA770AA25E48E08D48036E28 /* [CP] Embed Pods Frameworks */ = {
			isa = PBXShellScriptBuildPhase;
			buildActionMask = 2147483647;
			files = (
			);
			inputPaths = (
			);
			name = "[CP] Embed Pods Frameworks";
			outputPaths = (
			);
			runOnlyForDeploymentPostprocessing = 0;
			shellPath = /bin/sh;
			shellScript = "\"${SRCROOT}/Pods/Target Support Files/Pods-CorePlotExample/Pods-CorePlotExample-frameworks.sh\"\n";
			showEnvVarsInLog = 0;
		};
/* End PBXShellScriptBuildPhase section */

/* Begin PBXSourcesBuildPhase section */
		96102B471D31405300FD7C0C /* Sources */ = {
			isa = PBXSourcesBuildPhase;
			buildActionMask = 2147483647;
			files = (
				0348731B1E7F7AF500CF1943 /* WJBarChartViewController.m in Sources */,
				034873201E7F7B1100CF1943 /* WJLineChartViewController.m in Sources */,
				96102B561D31405300FD7C0C /* WJHomeViewController.m in Sources */,
				034873251E7F7B2900CF1943 /* WJPieChartViewController.m in Sources */,
				96102B531D31405300FD7C0C /* AppDelegate.m in Sources */,
				96102B501D31405300FD7C0C /* main.m in Sources */,
			);
			runOnlyForDeploymentPostprocessing = 0;
		};
/* End PBXSourcesBuildPhase section */

/* Begin PBXVariantGroup section */
		96102B571D31405300FD7C0C /* Main.storyboard */ = {
			isa = PBXVariantGroup;
			children = (
				96102B581D31405300FD7C0C /* Base */,
			);
			name = Main.storyboard;
			sourceTree = "<group>";
		};
		96102B5C1D31405300FD7C0C /* LaunchScreen.storyboard */ = {
			isa = PBXVariantGroup;
			children = (
				96102B5D1D31405300FD7C0C /* Base */,
			);
			name = LaunchScreen.storyboard;
			sourceTree = "<group>";
		};
/* End PBXVariantGroup section */

/* Begin XCBuildConfiguration section */
		96102B601D31405300FD7C0C /* Debug */ = {
			isa = XCBuildConfiguration;
			buildSettings = {
				ALWAYS_SEARCH_USER_PATHS = NO;
				CLANG_ANALYZER_NONNULL = YES;
				CLANG_CXX_LANGUAGE_STANDARD = "gnu++0x";
				CLANG_CXX_LIBRARY = "libc++";
				CLANG_ENABLE_MODULES = YES;
				CLANG_ENABLE_OBJC_ARC = YES;
				CLANG_WARN_BOOL_CONVERSION = YES;
				CLANG_WARN_CONSTANT_CONVERSION = YES;
				CLANG_WARN_DIRECT_OBJC_ISA_USAGE = YES_ERROR;
				CLANG_WARN_EMPTY_BODY = YES;
				CLANG_WARN_ENUM_CONVERSION = YES;
				CLANG_WARN_INFINITE_RECURSION = YES;
				CLANG_WARN_INT_CONVERSION = YES;
				CLANG_WARN_OBJC_ROOT_CLASS = YES_ERROR;
				CLANG_WARN_SUSPICIOUS_MOVE = YES;
				CLANG_WARN_UNREACHABLE_CODE = YES;
				CLANG_WARN__DUPLICATE_METHOD_MATCH = YES;
				"CODE_SIGN_IDENTITY[sdk=iphoneos*]" = "iPhone Developer";
				COPY_PHASE_STRIP = NO;
				DEBUG_INFORMATION_FORMAT = dwarf;
				ENABLE_STRICT_OBJC_MSGSEND = YES;
				ENABLE_TESTABILITY = YES;
				GCC_C_LANGUAGE_STANDARD = gnu99;
				GCC_DYNAMIC_NO_PIC = NO;
				GCC_NO_COMMON_BLOCKS = YES;
				GCC_OPTIMIZATION_LEVEL = 0;
				GCC_PREPROCESSOR_DEFINITIONS = (
					"DEBUG=1",
					"$(inherited)",
				);
				GCC_WARN_64_TO_32_BIT_CONVERSION = YES;
				GCC_WARN_ABOUT_RETURN_TYPE = YES_ERROR;
				GCC_WARN_UNDECLARED_SELECTOR = YES;
				GCC_WARN_UNINITIALIZED_AUTOS = YES_AGGRESSIVE;
				GCC_WARN_UNUSED_FUNCTION = YES;
				GCC_WARN_UNUSED_VARIABLE = YES;
				IPHONEOS_DEPLOYMENT_TARGET = 9.3;
				MTL_ENABLE_DEBUG_INFO = YES;
				ONLY_ACTIVE_ARCH = YES;
				SDKROOT = iphoneos;
				TARGETED_DEVICE_FAMILY = "1,2";
			};
			name = Debug;
		};
		96102B611D31405300FD7C0C /* Release */ = {
			isa = XCBuildConfiguration;
			buildSettings = {
				ALWAYS_SEARCH_USER_PATHS = NO;
				CLANG_ANALYZER_NONNULL = YES;
				CLANG_CXX_LANGUAGE_STANDARD = "gnu++0x";
				CLANG_CXX_LIBRARY = "libc++";
				CLANG_ENABLE_MODULES = YES;
				CLANG_ENABLE_OBJC_ARC = YES;
				CLANG_WARN_BOOL_CONVERSION = YES;
				CLANG_WARN_CONSTANT_CONVERSION = YES;
				CLANG_WARN_DIRECT_OBJC_ISA_USAGE = YES_ERROR;
				CLANG_WARN_EMPTY_BODY = YES;
				CLANG_WARN_ENUM_CONVERSION = YES;
				CLANG_WARN_INFINITE_RECURSION = YES;
				CLANG_WARN_INT_CONVERSION = YES;
				CLANG_WARN_OBJC_ROOT_CLASS = YES_ERROR;
				CLANG_WARN_SUSPICIOUS_MOVE = YES;
				CLANG_WARN_UNREACHABLE_CODE = YES;
				CLANG_WARN__DUPLICATE_METHOD_MATCH = YES;
				"CODE_SIGN_IDENTITY[sdk=iphoneos*]" = "iPhone Developer";
				COPY_PHASE_STRIP = NO;
				DEBUG_INFORMATION_FORMAT = "dwarf-with-dsym";
				ENABLE_NS_ASSERTIONS = NO;
				ENABLE_STRICT_OBJC_MSGSEND = YES;
				GCC_C_LANGUAGE_STANDARD = gnu99;
				GCC_NO_COMMON_BLOCKS = YES;
				GCC_WARN_64_TO_32_BIT_CONVERSION = YES;
				GCC_WARN_ABOUT_RETURN_TYPE = YES_ERROR;
				GCC_WARN_UNDECLARED_SELECTOR = YES;
				GCC_WARN_UNINITIALIZED_AUTOS = YES_AGGRESSIVE;
				GCC_WARN_UNUSED_FUNCTION = YES;
				GCC_WARN_UNUSED_VARIABLE = YES;
				IPHONEOS_DEPLOYMENT_TARGET = 9.3;
				MTL_ENABLE_DEBUG_INFO = NO;
				SDKROOT = iphoneos;
				TARGETED_DEVICE_FAMILY = "1,2";
				VALIDATE_PRODUCT = YES;
			};
			name = Release;
		};
		96102B631D31405300FD7C0C /* Debug */ = {
			isa = XCBuildConfiguration;
			baseConfigurationReference = 4B5C3FDAD0B3C9B6EE615402 /* Pods-CorePlotExample.debug.xcconfig */;
			buildSettings = {
				ASSETCATALOG_COMPILER_APPICON_NAME = AppIcon;
				DEVELOPMENT_TEAM = Q7W8UR2RVW;
				INFOPLIST_FILE = CorePlotExample/Info.plist;
				LD_RUNPATH_SEARCH_PATHS = "$(inherited) @executable_path/Frameworks";
				PRODUCT_BUNDLE_IDENTIFIER = WangJace.CorePlotExample;
				PRODUCT_NAME = "$(TARGET_NAME)";
			};
			name = Debug;
		};
		96102B641D31405300FD7C0C /* Release */ = {
			isa = XCBuildConfiguration;
			baseConfigurationReference = AD71CE6E3F90B6A1BC84BD7F /* Pods-CorePlotExample.release.xcconfig */;
			buildSettings = {
				ASSETCATALOG_COMPILER_APPICON_NAME = AppIcon;
				DEVELOPMENT_TEAM = Q7W8UR2RVW;
				INFOPLIST_FILE = CorePlotExample/Info.plist;
				LD_RUNPATH_SEARCH_PATHS = "$(inherited) @executable_path/Frameworks";
				PRODUCT_BUNDLE_IDENTIFIER = WangJace.CorePlotExample;
				PRODUCT_NAME = "$(TARGET_NAME)";
			};
			name = Release;
		};
/* End XCBuildConfiguration section */

/* Begin XCConfigurationList section */
		96102B461D31405300FD7C0C /* Build configuration list for PBXProject "CorePlotExample" */ = {
			isa = XCConfigurationList;
			buildConfigurations = (
				96102B601D31405300FD7C0C /* Debug */,
				96102B611D31405300FD7C0C /* Release */,
			);
			defaultConfigurationIsVisible = 0;
			defaultConfigurationName = Release;
		};
		96102B621D31405300FD7C0C /* Build configuration list for PBXNativeTarget "CorePlotExample" */ = {
			isa = XCConfigurationList;
			buildConfigurations = (
				96102B631D31405300FD7C0C /* Debug */,
				96102B641D31405300FD7C0C /* Release */,
			);
			defaultConfigurationIsVisible = 0;
			defaultConfigurationName = Release;
		};
/* End XCConfigurationList section */
	};
	rootObject = 96102B431D31405300FD7C0C /* Project object */;
}
